{
  "name": "vigilo",
  "lockfileVersion": 3,
  "requires": true,
  "packages": {
    "": {
      "dependencies": {
        "vigilo-linux-x64": "^1.0.2"
      }
    },
    "node_modules/vigilo-linux-x64": {
      "version": "1.0.2",
      "resolved": "https://registry.npmjs.org/vigilo-linux-x64/-/vigilo-linux-x64-1.0.2.tgz",
      "integrity": "sha512-8MNo5S9gKT5hdmuXlbp2b22Ihh9B3ZNbDYaYo8hLl+Yr3W2fttbqgMqHD3gwUsp+oAV4kiFqSgf1oJbadOFAOQ==",
      "cpu": [
        "x64"
      ],
      "license": "BSL-1.1",
      "os": [
        "linux"
      ],
      "bin": {
        "vigilo": "bin/vigilo"
      }
    }
  }
}
